
Microsoft Visual Studio Solution File, Format Version 12.00
# Visual Studio Version 17
VisualStudioVersion = 17.0.31903.59
MinimumVisualStudioVersion = 10.0.40219.1
Project("{9A19103F-16F7-4668-BE54-9A1E7A4F7556}") = "DevSecOps.Template.API.DotNet", "DevSecOps.Template.API.DotNet\DevSecOps.Template.API.DotNet.csproj", "{B3C92A84-FA61-4C44-A849-2281BBCD8230}"
EndProject
Project("{9A19103F-16F7-4668-BE54-9A1E7A4F7556}") = "DevSecOps.Template.API.DotNet.Tests", "DevSecOps.Template.API.DotNet.Tests\DevSecOps.Template.API.DotNet.Tests.csproj", "{A03B2BD1-3151-48FA-A535-C85C936B6205}"
EndProject
Global
	GlobalSection(SolutionConfigurationPlatforms) = preSolution
		Debug|Any CPU = Debug|Any CPU
		Release|Any CPU = Release|Any CPU
	EndGlobalSection
	GlobalSection(ProjectConfigurationPlatforms) = postSolution
		{B3C92A84-FA61-4C44-A849-2281BBCD8230}.Debug|Any CPU.ActiveCfg = Debug|Any CPU
		{B3C92A84-FA61-4C44-A849-2281BBCD8230}.Debug|Any CPU.Build.0 = Debug|Any CPU
		{B3C92A84-FA61-4C44-A849-2281BBCD8230}.Release|Any CPU.ActiveCfg = Release|Any CPU
		{B3C92A84-FA61-4C44-A849-2281BBCD8230}.Release|Any CPU.Build.0 = Release|Any CPU
		{A03B2BD1-3151-48FA-A535-C85C936B6205}.Debug|Any CPU.ActiveCfg = Debug|Any CPU
		{A03B2BD1-3151-48FA-A535-C85C936B6205}.Debug|Any CPU.Build.0 = Debug|Any CPU
		{A03B2BD1-3151-48FA-A535-C85C936B6205}.Release|Any CPU.ActiveCfg = Release|Any CPU
		{A03B2BD1-3151-48FA-A535-C85C936B6205}.Release|Any CPU.Build.0 = Release|Any CPU
	EndGlobalSection
	GlobalSection(SolutionProperties) = preSolution
		HideSolutionNode = FALSE
	EndGlobalSection
	GlobalSection(ExtensibilityGlobals) = postSolution
		SolutionGuid = {3AF118EB-F7C9-40E1-867F-3788EB396699}
	EndGlobalSection
EndGlobal
